
Microsoft Visual Studio Solution File, Format Version 12.00
# Visual Studio Version 16
VisualStudioVersion = 16.0.31105.61
MinimumVisualStudioVersion = 10.0.40219.1
Project("{FAE04EC0-301F-11D3-BF4B-00C04F79EFBC}") = "bot_IG", "bot_IG\bot_IG.csproj", "{15E45301-4FCE-4B0E-B01E-2C999DA1E5C9}"
EndProject
Global
	GlobalSection(SolutionConfigurationPlatforms) = preSolution
		Debug|Any CPU = Debug|Any CPU
		Release|Any CPU = Release|Any CPU
	EndGlobalSection
	GlobalSection(ProjectConfigurationPlatforms) = postSolution
		{15E45301-4FCE-4B0E-B01E-2C999DA1E5C9}.Debug|Any CPU.ActiveCfg = Debug|Any CPU
		{15E45301-4FCE-4B0E-B01E-2C999DA1E5C9}.Debug|Any CPU.Build.0 = Debug|Any CPU
		{15E45301-4FCE-4B0E-B01E-2C999DA1E5C9}.Release|Any CPU.ActiveCfg = Release|Any CPU
		{15E45301-4FCE-4B0E-B01E-2C999DA1E5C9}.Release|Any CPU.Build.0 = Release|Any CPU
	EndGlobalSection
	GlobalSection(SolutionProperties) = preSolution
		HideSolutionNode = FALSE
	EndGlobalSection
	GlobalSection(ExtensibilityGlobals) = postSolution
		SolutionGuid = {14730AEF-B05B-48AB-929D-2E4B832E51EF}
	EndGlobalSection
EndGlobal
